// !$*UTF8*$!
{
	archiveVersion = 1;
	classes = {
	};
	objectVersion = 46;
	objects = {

/* Begin PBXBuildFile section */
		11F8937014F9C07B001AE41A /* UIKit.framework in Frameworks */ = {isa = PBXBuildFile; fileRef = 11F8936F14F9C07B001AE41A /* UIKit.framework */; };
		11F8937214F9C07B001AE41A /* Foundation.framework in Frameworks */ = {isa = PBXBuildFile; fileRef = 11F8937114F9C07B001AE41A /* Foundation.framework */; };
		11F8937414F9C07B001AE41A /* CoreGraphics.framework in Frameworks */ = {isa = PBXBuildFile; fileRef = 11F8937314F9C07B001AE41A /* CoreGraphics.framework */; };
		11F8937A14F9C07C001AE41A /* InfoPlist.strings in Resources */ = {isa = PBXBuildFile; fileRef = 11F8937814F9C07C001AE41A /* InfoPlist.strings */; };
		11F8937C14F9C07C001AE41A /* main.m in Sources */ = {isa = PBXBuildFile; fileRef = 11F8937B14F9C07C001AE41A /* main.m */; };
		11F8938014F9C07C001AE41A /* AppDelegate.m in Sources */ = {isa = PBXBuildFile; fileRef = 11F8937F14F9C07C001AE41A /* AppDelegate.m */; };
		11F8938314F9C07C001AE41A /* MainStoryboard.storyboard in Resources */ = {isa = PBXBuildFile; fileRef = 11F8938114F9C07C001AE41A /* MainStoryboard.storyboard */; };
		11F8938614F9C07C001AE41A /* FirstViewController.m in Sources */ = {isa = PBXBuildFile; fileRef = 11F8938514F9C07C001AE41A /* FirstViewController.m */; };
		11F8938814F9C07C001AE41A /* first.png in Resources */ = {isa = PBXBuildFile; fileRef = 11F8938714F9C07C001AE41A /* first.png */; };
		11F8938A14F9C07C001AE41A /* first@2x.png in Resources */ = {isa = PBXBuildFile; fileRef = 11F8938914F9C07C001AE41A /* first@2x.png */; };
		11F8938D14F9C07C001AE41A /* SecondViewController.m in Sources */ = {isa = PBXBuildFile; fileRef = 11F8938C14F9C07C001AE41A /* SecondViewController.m */; };
		11F8938F14F9C07C001AE41A /* second.png in Resources */ = {isa = PBXBuildFile; fileRef = 11F8938E14F9C07C001AE41A /* second.png */; };
		11F8939114F9C07C001AE41A /* second@2x.png in Resources */ = {isa = PBXBuildFile; fileRef = 11F8939014F9C07C001AE41A /* second@2x.png */; };
		11F8939914F9C07C001AE41A /* SenTestingKit.framework in Frameworks */ = {isa = PBXBuildFile; fileRef = 11F8939814F9C07C001AE41A /* SenTestingKit.framework */; };
		11F8939A14F9C07C001AE41A /* UIKit.framework in Frameworks */ = {isa = PBXBuildFile; fileRef = 11F8936F14F9C07B001AE41A /* UIKit.framework */; };
		11F8939B14F9C07C001AE41A /* Foundation.framework in Frameworks */ = {isa = PBXBuildFile; fileRef = 11F8937114F9C07B001AE41A /* Foundation.framework */; };
		11F893A314F9C07C001AE41A /* InfoPlist.strings in Resources */ = {isa = PBXBuildFile; fileRef = 11F893A114F9C07C001AE41A /* InfoPlist.strings */; };
		11F893A614F9C07C001AE41A /* teletubiesTests.m in Sources */ = {isa = PBXBuildFile; fileRef = 11F893A514F9C07C001AE41A /* teletubiesTests.m */; };
/* End PBXBuildFile section */

/* Begin PBXContainerItemProxy section */
		11F8939C14F9C07C001AE41A /* PBXContainerItemProxy */ = {
			isa = PBXContainerItemProxy;
			containerPortal = 11F8936214F9C07B001AE41A /* Project object */;
			proxyType = 1;
			remoteGlobalIDString = 11F8936A14F9C07B001AE41A;
			remoteInfo = teletubies;
		};
/* End PBXContainerItemProxy section */

/* Begin PBXFileReference section */
		11F8936B14F9C07B001AE41A /* teletubies.app */ = {isa = PBXFileReference; explicitFileType = wrapper.application; includeInIndex = 0; path = teletubies.app; sourceTree = BUILT_PRODUCTS_DIR; };
		11F8936F14F9C07B001AE41A /* UIKit.framework */ = {isa = PBXFileReference; lastKnownFileType = wrapper.framework; name = UIKit.framework; path = System/Library/Frameworks/UIKit.framework; sourceTree = SDKROOT; };
		11F8937114F9C07B001AE41A /* Foundation.framework */ = {isa = PBXFileReference; lastKnownFileType = wrapper.framework; name = Foundation.framework; path = System/Library/Frameworks/Foundation.framework; sourceTree = SDKROOT; };
		11F8937314F9C07B001AE41A /* CoreGraphics.framework */ = {isa = PBXFileReference; lastKnownFileType = wrapper.framework; name = CoreGraphics.framework; path = System/Library/Frameworks/CoreGraphics.framework; sourceTree = SDKROOT; };
		11F8937714F9C07C001AE41A /* teletubies-Info.plist */ = {isa = PBXFileReference; lastKnownFileType = text.plist.xml; path = "teletubies-Info.plist"; sourceTree = "<group>"; };
		11F8937914F9C07C001AE41A /* en */ = {isa = PBXFileReference; lastKnownFileType = text.plist.strings; name = en; path = en.lproj/InfoPlist.strings; sourceTree = "<group>"; };
		11F8937B14F9C07C001AE41A /* main.m */ = {isa = PBXFileReference; lastKnownFileType = sourcecode.c.objc; path = main.m; sourceTree = "<group>"; };
		11F8937D14F9C07C001AE41A /* teletubies-Prefix.pch */ = {isa = PBXFileReference; lastKnownFileType = sourcecode.c.h; path = "teletubies-Prefix.pch"; sourceTree = "<group>"; };
		11F8937E14F9C07C001AE41A /* AppDelegate.h */ = {isa = PBXFileReference; lastKnownFileType = sourcecode.c.h; path = AppDelegate.h; sourceTree = "<group>"; };
		11F8937F14F9C07C001AE41A /* AppDelegate.m */ = {isa = PBXFileReference; lastKnownFileType = sourcecode.c.objc; path = AppDelegate.m; sourceTree = "<group>"; };
		11F8938214F9C07C001AE41A /* en */ = {isa = PBXFileReference; lastKnownFileType = file.storyboard; name = en; path = en.lproj/MainStoryboard.storyboard; sourceTree = "<group>"; };
		11F8938414F9C07C001AE41A /* FirstViewController.h */ = {isa = PBXFileReference; lastKnownFileType = sourcecode.c.h; path = FirstViewController.h; sourceTree = "<group>"; };
		11F8938514F9C07C001AE41A /* FirstViewController.m */ = {isa = PBXFileReference; lastKnownFileType = sourcecode.c.objc; path = FirstViewController.m; sourceTree = "<group>"; };
		11F8938714F9C07C001AE41A /* first.png */ = {isa = PBXFileReference; lastKnownFileType = image.png; path = first.png; sourceTree = "<group>"; };
		11F8938914F9C07C001AE41A /* first@2x.png */ = {isa = PBXFileReference; lastKnownFileType = image.png; path = "first@2x.png"; sourceTree = "<group>"; };
		11F8938B14F9C07C001AE41A /* SecondViewController.h */ = {isa = PBXFileReference; lastKnownFileType = sourcecode.c.h; path = SecondViewController.h; sourceTree = "<group>"; };
		11F8938C14F9C07C001AE41A /* SecondViewController.m */ = {isa = PBXFileReference; lastKnownFileType = sourcecode.c.objc; path = SecondViewController.m; sourceTree = "<group>"; };
		11F8938E14F9C07C001AE41A /* second.png */ = {isa = PBXFileReference; lastKnownFileType = image.png; path = second.png; sourceTree = "<group>"; };
		11F8939014F9C07C001AE41A /* second@2x.png */ = {isa = PBXFileReference; lastKnownFileType = image.png; path = "second@2x.png"; sourceTree = "<group>"; };
		11F8939714F9C07C001AE41A /* teletubiesTests.octest */ = {isa = PBXFileReference; explicitFileType = wrapper.cfbundle; includeInIndex = 0; path = teletubiesTests.octest; sourceTree = BUILT_PRODUCTS_DIR; };
		11F8939814F9C07C001AE41A /* SenTestingKit.framework */ = {isa = PBXFileReference; lastKnownFileType = wrapper.framework; name = SenTestingKit.framework; path = Library/Frameworks/SenTestingKit.framework; sourceTree = DEVELOPER_DIR; };
		11F893A014F9C07C001AE41A /* teletubiesTests-Info.plist */ = {isa = PBXFileReference; lastKnownFileType = text.plist.xml; path = "teletubiesTests-Info.plist"; sourceTree = "<group>"; };
		11F893A214F9C07C001AE41A /* en */ = {isa = PBXFileReference; lastKnownFileType = text.plist.strings; name = en; path = en.lproj/InfoPlist.strings; sourceTree = "<group>"; };
		11F893A414F9C07C001AE41A /* teletubiesTests.h */ = {isa = PBXFileReference; lastKnownFileType = sourcecode.c.h; path = teletubiesTests.h; sourceTree = "<group>"; };
		11F893A514F9C07C001AE41A /* teletubiesTests.m */ = {isa = PBXFileReference; lastKnownFileType = sourcecode.c.objc; path = teletubiesTests.m; sourceTree = "<group>"; };
/* End PBXFileReference section */

/* Begin PBXFrameworksBuildPhase section */
		11F8936814F9C07B001AE41A /* Frameworks */ = {
			isa = PBXFrameworksBuildPhase;
			buildActionMask = 2147483647;
			files = (
				11F8937014F9C07B001AE41A /* UIKit.framework in Frameworks */,
				11F8937214F9C07B001AE41A /* Foundation.framework in Frameworks */,
				11F8937414F9C07B001AE41A /* CoreGraphics.framework in Frameworks */,
			);
			runOnlyForDeploymentPostprocessing = 0;
		};
		11F8939314F9C07C001AE41A /* Frameworks */ = {
			isa = PBXFrameworksBuildPhase;
			buildActionMask = 2147483647;
			files = (
				11F8939914F9C07C001AE41A /* SenTestingKit.framework in Frameworks */,
				11F8939A14F9C07C001AE41A /* UIKit.framework in Frameworks */,
				11F8939B14F9C07C001AE41A /* Foundation.framework in Frameworks */,
			);
			runOnlyForDeploymentPostprocessing = 0;
		};
/* End PBXFrameworksBuildPhase section */

/* Begin PBXGroup section */
		11F8936014F9C07B001AE41A = {
			isa = PBXGroup;
			children = (
				11F8937514F9C07C001AE41A /* teletubies */,
				11F8939E14F9C07C001AE41A /* teletubiesTests */,
				11F8936E14F9C07B001AE41A /* Frameworks */,
				11F8936C14F9C07B001AE41A /* Products */,
			);
			sourceTree = "<group>";
		};
		11F8936C14F9C07B001AE41A /* Products */ = {
			isa = PBXGroup;
			children = (
				11F8936B14F9C07B001AE41A /* teletubies.app */,
				11F8939714F9C07C001AE41A /* teletubiesTests.octest */,
			);
			name = Products;
			sourceTree = "<group>";
		};
		11F8936E14F9C07B001AE41A /* Frameworks */ = {
			isa = PBXGroup;
			children = (
				11F8936F14F9C07B001AE41A /* UIKit.framework */,
				11F8937114F9C07B001AE41A /* Foundation.framework */,
				11F8937314F9C07B001AE41A /* CoreGraphics.framework */,
				11F8939814F9C07C001AE41A /* SenTestingKit.framework */,
			);
			name = Frameworks;
			sourceTree = "<group>";
		};
		11F8937514F9C07C001AE41A /* teletubies */ = {
			isa = PBXGroup;
			children = (
				11F8937E14F9C07C001AE41A /* AppDelegate.h */,
				11F8937F14F9C07C001AE41A /* AppDelegate.m */,
				11F8938114F9C07C001AE41A /* MainStoryboard.storyboard */,
				11F8938414F9C07C001AE41A /* FirstViewController.h */,
				11F8938514F9C07C001AE41A /* FirstViewController.m */,
				11F8938714F9C07C001AE41A /* first.png */,
				11F8938914F9C07C001AE41A /* first@2x.png */,
				11F8938B14F9C07C001AE41A /* SecondViewController.h */,
				11F8938C14F9C07C001AE41A /* SecondViewController.m */,
				11F8938E14F9C07C001AE41A /* second.png */,
				11F8939014F9C07C001AE41A /* second@2x.png */,
				11F8937614F9C07C001AE41A /* Supporting Files */,
			);
			path = teletubies;
			sourceTree = "<group>";
		};
		11F8937614F9C07C001AE41A /* Supporting Files */ = {
			isa = PBXGroup;
			children = (
				11F8937714F9C07C001AE41A /* teletubies-Info.plist */,
				11F8937814F9C07C001AE41A /* InfoPlist.strings */,
				11F8937B14F9C07C001AE41A /* main.m */,
				11F8937D14F9C07C001AE41A /* teletubies-Prefix.pch */,
			);
			name = "Supporting Files";
			sourceTree = "<group>";
		};
		11F8939E14F9C07C001AE41A /* teletubiesTests */ = {
			isa = PBXGroup;
			children = (
				11F893A414F9C07C001AE41A /* teletubiesTests.h */,
				11F893A514F9C07C001AE41A /* teletubiesTests.m */,
				11F8939F14F9C07C001AE41A /* Supporting Files */,
			);
			path = teletubiesTests;
			sourceTree = "<group>";
		};
		11F8939F14F9C07C001AE41A /* Supporting Files */ = {
			isa = PBXGroup;
			children = (
				11F893A014F9C07C001AE41A /* teletubiesTests-Info.plist */,
				11F893A114F9C07C001AE41A /* InfoPlist.strings */,
			);
			name = "Supporting Files";
			sourceTree = "<group>";
		};
/* End PBXGroup section */

/* Begin PBXNativeTarget section */
		11F8936A14F9C07B001AE41A /* teletubies */ = {
			isa = PBXNativeTarget;
			buildConfigurationList = 11F893A914F9C07C001AE41A /* Build configuration list for PBXNativeTarget "teletubies" */;
			buildPhases = (
				11F8936714F9C07B001AE41A /* Sources */,
				11F8936814F9C07B001AE41A /* Frameworks */,
				11F8936914F9C07B001AE41A /* Resources */,
			);
			buildRules = (
			);
			dependencies = (
			);
			name = teletubies;
			productName = teletubies;
			productReference = 11F8936B14F9C07B001AE41A /* teletubies.app */;
			productType = "com.apple.product-type.application";
		};
		11F8939614F9C07C001AE41A /* teletubiesTests */ = {
			isa = PBXNativeTarget;
			buildConfigurationList = 11F893AC14F9C07C001AE41A /* Build configuration list for PBXNativeTarget "teletubiesTests" */;
			buildPhases = (
				11F8939214F9C07C001AE41A /* Sources */,
				11F8939314F9C07C001AE41A /* Frameworks */,
				11F8939414F9C07C001AE41A /* Resources */,
				11F8939514F9C07C001AE41A /* ShellScript */,
			);
			buildRules = (
			);
			dependencies = (
				11F8939D14F9C07C001AE41A /* PBXTargetDependency */,
			);
			name = teletubiesTests;
			productName = teletubiesTests;
			productReference = 11F8939714F9C07C001AE41A /* teletubiesTests.octest */;
			productType = "com.apple.product-type.bundle";
		};
/* End PBXNativeTarget section */

/* Begin PBXProject section */
		11F8936214F9C07B001AE41A /* Project object */ = {
			isa = PBXProject;
			attributes = {
				LastUpgradeCheck = 0420;
			};
			buildConfigurationList = 11F8936514F9C07B001AE41A /* Build configuration list for PBXProject "teletubies" */;
			compatibilityVersion = "Xcode 3.2";
			developmentRegion = English;
			hasScannedForEncodings = 0;
			knownRegions = (
				en,
			);
			mainGroup = 11F8936014F9C07B001AE41A;
			productRefGroup = 11F8936C14F9C07B001AE41A /* Products */;
			projectDirPath = "";
			projectRoot = "";
			targets = (
				11F8936A14F9C07B001AE41A /* teletubies */,
				11F8939614F9C07C001AE41A /* teletubiesTests */,
			);
		};
/* End PBXProject section */

/* Begin PBXResourcesBuildPhase section */
		11F8936914F9C07B001AE41A /* Resources */ = {
			isa = PBXResourcesBuildPhase;
			buildActionMask = 2147483647;
			files = (
				11F8937A14F9C07C001AE41A /* InfoPlist.strings in Resources */,
				11F8938314F9C07C001AE41A /* MainStoryboard.storyboard in Resources */,
				11F8938814F9C07C001AE41A /* first.png in Resources */,
				11F8938A14F9C07C001AE41A /* first@2x.png in Resources */,
				11F8938F14F9C07C001AE41A /* second.png in Resources */,
				11F8939114F9C07C001AE41A /* second@2x.png in Resources */,
			);
			runOnlyForDeploymentPostprocessing = 0;
		};
		11F8939414F9C07C001AE41A /* Resources */ = {
			isa = PBXResourcesBuildPhase;
			buildActionMask = 2147483647;
			files = (
				11F893A314F9C07C001AE41A /* InfoPlist.strings in Resources */,
			);
			runOnlyForDeploymentPostprocessing = 0;
		};
/* End PBXResourcesBuildPhase section */

/* Begin PBXShellScriptBuildPhase section */
		11F8939514F9C07C001AE41A /* ShellScript */ = {
			isa = PBXShellScriptBuildPhase;
			buildActionMask = 2147483647;
			files = (
			);
			inputPaths = (
			);
			outputPaths = (
			);
			runOnlyForDeploymentPostprocessing = 0;
			shellPath = /bin/sh;
			shellScript = "# Run the unit tests in this test bundle.\n\"${SYSTEM_DEVELOPER_DIR}/Tools/RunUnitTests\"\n";
		};
/* End PBXShellScriptBuildPhase section */

/* Begin PBXSourcesBuildPhase section */
		11F8936714F9C07B001AE41A /* Sources */ = {
			isa = PBXSourcesBuildPhase;
			buildActionMask = 2147483647;
			files = (
				11F8937C14F9C07C001AE41A /* main.m in Sources */,
				11F8938014F9C07C001AE41A /* AppDelegate.m in Sources */,
				11F8938614F9C07C001AE41A /* FirstViewController.m in Sources */,
				11F8938D14F9C07C001AE41A /* SecondViewController.m in Sources */,
			);
			runOnlyForDeploymentPostprocessing = 0;
		};
		11F8939214F9C07C001AE41A /* Sources */ = {
			isa = PBXSourcesBuildPhase;
			buildActionMask = 2147483647;
			files = (
				11F893A614F9C07C001AE41A /* teletubiesTests.m in Sources */,
			);
			runOnlyForDeploymentPostprocessing = 0;
		};
/* End PBXSourcesBuildPhase section */

/* Begin PBXTargetDependency section */
		11F8939D14F9C07C001AE41A /* PBXTargetDependency */ = {
			isa = PBXTargetDependency;
			target = 11F8936A14F9C07B001AE41A /* teletubies */;
			targetProxy = 11F8939C14F9C07C001AE41A /* PBXContainerItemProxy */;
		};
/* End PBXTargetDependency section */

/* Begin PBXVariantGroup section */
		11F8937814F9C07C001AE41A /* InfoPlist.strings */ = {
			isa = PBXVariantGroup;
			children = (
				11F8937914F9C07C001AE41A /* en */,
			);
			name = InfoPlist.strings;
			sourceTree = "<group>";
		};
		11F8938114F9C07C001AE41A /* MainStoryboard.storyboard */ = {
			isa = PBXVariantGroup;
			children = (
				11F8938214F9C07C001AE41A /* en */,
			);
			name = MainStoryboard.storyboard;
			sourceTree = "<group>";
		};
		11F893A114F9C07C001AE41A /* InfoPlist.strings */ = {
			isa = PBXVariantGroup;
			children = (
				11F893A214F9C07C001AE41A /* en */,
			);
			name = InfoPlist.strings;
			sourceTree = "<group>";
		};
/* End PBXVariantGroup section */

/* Begin XCBuildConfiguration section */
		11F893A714F9C07C001AE41A /* Debug */ = {
			isa = XCBuildConfiguration;
			buildSettings = {
				ALWAYS_SEARCH_USER_PATHS = NO;
				ARCHS = "$(ARCHS_STANDARD_32_BIT)";
				CLANG_ENABLE_OBJC_ARC = YES;
				"CODE_SIGN_IDENTITY[sdk=iphoneos*]" = "iPhone Developer";
				COPY_PHASE_STRIP = NO;
				GCC_C_LANGUAGE_STANDARD = gnu99;
				GCC_DYNAMIC_NO_PIC = NO;
				GCC_OPTIMIZATION_LEVEL = 0;
				GCC_PREPROCESSOR_DEFINITIONS = (
					"DEBUG=1",
					"$(inherited)",
				);
				GCC_SYMBOLS_PRIVATE_EXTERN = NO;
				GCC_VERSION = com.apple.compilers.llvm.clang.1_0;
				GCC_WARN_ABOUT_MISSING_PROTOTYPES = YES;
				GCC_WARN_ABOUT_RETURN_TYPE = YES;
				GCC_WARN_UNUSED_VARIABLE = YES;
				IPHONEOS_DEPLOYMENT_TARGET = 5.0;
				SDKROOT = iphoneos;
			};
			name = Debug;
		};
		11F893A814F9C07C001AE41A /* Release */ = {
			isa = XCBuildConfiguration;
			buildSettings = {
				ALWAYS_SEARCH_USER_PATHS = NO;
				ARCHS = "$(ARCHS_STANDARD_32_BIT)";
				CLANG_ENABLE_OBJC_ARC = YES;
				"CODE_SIGN_IDENTITY[sdk=iphoneos*]" = "iPhone Developer";
				COPY_PHASE_STRIP = YES;
				GCC_C_LANGUAGE_STANDARD = gnu99;
				GCC_VERSION = com.apple.compilers.llvm.clang.1_0;
				GCC_WARN_ABOUT_MISSING_PROTOTYPES = YES;
				GCC_WARN_ABOUT_RETURN_TYPE = YES;
				GCC_WARN_UNUSED_VARIABLE = YES;
				IPHONEOS_DEPLOYMENT_TARGET = 5.0;
				OTHER_CFLAGS = "-DNS_BLOCK_ASSERTIONS=1";
				SDKROOT = iphoneos;
				VALIDATE_PRODUCT = YES;
			};
			name = Release;
		};
		11F893AA14F9C07C001AE41A /* Debug */ = {
			isa = XCBuildConfiguration;
			buildSettings = {
				GCC_PRECOMPILE_PREFIX_HEADER = YES;
				GCC_PREFIX_HEADER = "teletubies/teletubies-Prefix.pch";
				INFOPLIST_FILE = "teletubies/teletubies-Info.plist";
				PRODUCT_NAME = "$(TARGET_NAME)";
				WRAPPER_EXTENSION = app;
			};
			name = Debug;
		};
		11F893AB14F9C07C001AE41A /* Release */ = {
			isa = XCBuildConfiguration;
			buildSettings = {
				GCC_PRECOMPILE_PREFIX_HEADER = YES;
				GCC_PREFIX_HEADER = "teletubies/teletubies-Prefix.pch";
				INFOPLIST_FILE = "teletubies/teletubies-Info.plist";
				PRODUCT_NAME = "$(TARGET_NAME)";
				WRAPPER_EXTENSION = app;
			};
			name = Release;
		};
		11F893AD14F9C07C001AE41A /* Debug */ = {
			isa = XCBuildConfiguration;
			buildSettings = {
				BUNDLE_LOADER = "$(BUILT_PRODUCTS_DIR)/teletubies.app/teletubies";
				FRAMEWORK_SEARCH_PATHS = (
					"$(SDKROOT)/Developer/Library/Frameworks",
					"$(DEVELOPER_LIBRARY_DIR)/Frameworks",
				);
				GCC_PRECOMPILE_PREFIX_HEADER = YES;
				GCC_PREFIX_HEADER = "teletubies/teletubies-Prefix.pch";
				INFOPLIST_FILE = "teletubiesTests/teletubiesTests-Info.plist";
				PRODUCT_NAME = "$(TARGET_NAME)";
				TEST_HOST = "$(BUNDLE_LOADER)";
				WRAPPER_EXTENSION = octest;
			};
			name = Debug;
		};
		11F893AE14F9C07C001AE41A /* Release */ = {
			isa = XCBuildConfiguration;
			buildSettings = {
				BUNDLE_LOADER = "$(BUILT_PRODUCTS_DIR)/teletubies.app/teletubies";
				FRAMEWORK_SEARCH_PATHS = (
					"$(SDKROOT)/Developer/Library/Frameworks",
					"$(DEVELOPER_LIBRARY_DIR)/Frameworks",
				);
				GCC_PRECOMPILE_PREFIX_HEADER = YES;
				GCC_PREFIX_HEADER = "teletubies/teletubies-Prefix.pch";
				INFOPLIST_FILE = "teletubiesTests/teletubiesTests-Info.plist";
				PRODUCT_NAME = "$(TARGET_NAME)";
				TEST_HOST = "$(BUNDLE_LOADER)";
				WRAPPER_EXTENSION = octest;
			};
			name = Release;
		};
/* End XCBuildConfiguration section */

/* Begin XCConfigurationList section */
		11F8936514F9C07B001AE41A /* Build configuration list for PBXProject "teletubies" */ = {
			isa = XCConfigurationList;
			buildConfigurations = (
				11F893A714F9C07C001AE41A /* Debug */,
				11F893A814F9C07C001AE41A /* Release */,
			);
			defaultConfigurationIsVisible = 0;
			defaultConfigurationName = Release;
		};
		11F893A914F9C07C001AE41A /* Build configuration list for PBXNativeTarget "teletubies" */ = {
			isa = XCConfigurationList;
			buildConfigurations = (
				11F893AA14F9C07C001AE41A /* Debug */,
				11F893AB14F9C07C001AE41A /* Release */,
			);
			defaultConfigurationIsVisible = 0;
		};
		11F893AC14F9C07C001AE41A /* Build configuration list for PBXNativeTarget "teletubiesTests" */ = {
			isa = XCConfigurationList;
			buildConfigurations = (
				11F893AD14F9C07C001AE41A /* Debug */,
				11F893AE14F9C07C001AE41A /* Release */,
			);
			defaultConfigurationIsVisible = 0;
		};
/* End XCConfigurationList section */
	};
	rootObject = 11F8936214F9C07B001AE41A /* Project object */;
}
